// !$*UTF8*$!
{
	archiveVersion = 1;
	classes = {
	};
	objectVersion = 48;
	objects = {

/* Begin PBXBuildFile section */
		F86E53271FCA9AC400C8BDC6 /* Default-568h@2x.png in Resources */ = {isa = PBXBuildFile; fileRef = F86E53261FCA9AC400C8BDC6 /* Default-568h@2x.png */; };
		F8D318E81FC9B6CB00D36144 /* AppDelegate.swift in Sources */ = {isa = PBXBuildFile; fileRef = F8D318E71FC9B6CB00D36144 /* AppDelegate.swift */; };
		F8D318EA1FC9B6CB00D36144 /* ViewController.swift in Sources */ = {isa = PBXBuildFile; fileRef = F8D318E91FC9B6CB00D36144 /* ViewController.swift */; };
		F8D318ED1FC9B6CB00D36144 /* Main.storyboard in Resources */ = {isa = PBXBuildFile; fileRef = F8D318EB1FC9B6CB00D36144 /* Main.storyboard */; };
		F8D318EF1FC9B6CB00D36144 /* Assets.xcassets in Resources */ = {isa = PBXBuildFile; fileRef = F8D318EE1FC9B6CB00D36144 /* Assets.xcassets */; };
		F8D318F21FC9B6CB00D36144 /* LaunchScreen.storyboard in Resources */ = {isa = PBXBuildFile; fileRef = F8D318F01FC9B6CB00D36144 /* LaunchScreen.storyboard */; };
		F8D318FD1FC9B6CB00D36144 /* ARSolarSwiftTests.swift in Sources */ = {isa = PBXBuildFile; fileRef = F8D318FC1FC9B6CB00D36144 /* ARSolarSwiftTests.swift */; };
		F8D319081FC9B6CB00D36144 /* ARSolarSwiftUITests.swift in Sources */ = {isa = PBXBuildFile; fileRef = F8D319071FC9B6CB00D36144 /* ARSolarSwiftUITests.swift */; };
		F8D319161FC9BA3800D36144 /* ARGalaxyViewController.swift in Sources */ = {isa = PBXBuildFile; fileRef = F8D319151FC9BA3800D36144 /* ARGalaxyViewController.swift */; };
		F8D319181FC9BA6900D36144 /* art.scnassets in Resources */ = {isa = PBXBuildFile; fileRef = F8D319171FC9BA6900D36144 /* art.scnassets */; };
/* End PBXBuildFile section */

/* Begin PBXContainerItemProxy section */
		F8D318F91FC9B6CB00D36144 /* PBXContainerItemProxy */ = {
			isa = PBXContainerItemProxy;
			containerPortal = F8D318DC1FC9B6CB00D36144 /* Project object */;
			proxyType = 1;
			remoteGlobalIDString = F8D318E31FC9B6CB00D36144;
			remoteInfo = ARSolarSwift;
		};
		F8D319041FC9B6CB00D36144 /* PBXContainerItemProxy */ = {
			isa = PBXContainerItemProxy;
			containerPortal = F8D318DC1FC9B6CB00D36144 /* Project object */;
			proxyType = 1;
			remoteGlobalIDString = F8D318E31FC9B6CB00D36144;
			remoteInfo = ARSolarSwift;
		};
/* End PBXContainerItemProxy section */

/* Begin PBXFileReference section */
		F86E53261FCA9AC400C8BDC6 /* Default-568h@2x.png */ = {isa = PBXFileReference; lastKnownFileType = image.png; path = "Default-568h@2x.png"; sourceTree = "<group>"; };
		F8D318E41FC9B6CB00D36144 /* ARGalaxySwift.app */ = {isa = PBXFileReference; explicitFileType = wrapper.application; includeInIndex = 0; path = ARGalaxySwift.app; sourceTree = BUILT_PRODUCTS_DIR; };
		F8D318E71FC9B6CB00D36144 /* AppDelegate.swift */ = {isa = PBXFileReference; lastKnownFileType = sourcecode.swift; path = AppDelegate.swift; sourceTree = "<group>"; };
		F8D318E91FC9B6CB00D36144 /* ViewController.swift */ = {isa = PBXFileReference; lastKnownFileType = sourcecode.swift; path = ViewController.swift; sourceTree = "<group>"; };
		F8D318EC1FC9B6CB00D36144 /* Base */ = {isa = PBXFileReference; lastKnownFileType = file.storyboard; name = Base; path = Base.lproj/Main.storyboard; sourceTree = "<group>"; };
		F8D318EE1FC9B6CB00D36144 /* Assets.xcassets */ = {isa = PBXFileReference; lastKnownFileType = folder.assetcatalog; path = Assets.xcassets; sourceTree = "<group>"; };
		F8D318F11FC9B6CB00D36144 /* Base */ = {isa = PBXFileReference; lastKnownFileType = file.storyboard; name = Base; path = Base.lproj/LaunchScreen.storyboard; sourceTree = "<group>"; };
		F8D318F31FC9B6CB00D36144 /* Info.plist */ = {isa = PBXFileReference; lastKnownFileType = text.plist.xml; path = Info.plist; sourceTree = "<group>"; };
		F8D318F81FC9B6CB00D36144 /* ARGalaxySwiftTests.xctest */ = {isa = PBXFileReference; explicitFileType = wrapper.cfbundle; includeInIndex = 0; path = ARGalaxySwiftTests.xctest; sourceTree = BUILT_PRODUCTS_DIR; };
		F8D318FC1FC9B6CB00D36144 /* ARSolarSwiftTests.swift */ = {isa = PBXFileReference; lastKnownFileType = sourcecode.swift; path = ARSolarSwiftTests.swift; sourceTree = "<group>"; };
		F8D318FE1FC9B6CB00D36144 /* Info.plist */ = {isa = PBXFileReference; lastKnownFileType = text.plist.xml; path = Info.plist; sourceTree = "<group>"; };
		F8D319031FC9B6CB00D36144 /* ARGalaxySwiftUITests.xctest */ = {isa = PBXFileReference; explicitFileType = wrapper.cfbundle; includeInIndex = 0; path = ARGalaxySwiftUITests.xctest; sourceTree = BUILT_PRODUCTS_DIR; };
		F8D319071FC9B6CB00D36144 /* ARSolarSwiftUITests.swift */ = {isa = PBXFileReference; lastKnownFileType = sourcecode.swift; path = ARSolarSwiftUITests.swift; sourceTree = "<group>"; };
		F8D319091FC9B6CB00D36144 /* Info.plist */ = {isa = PBXFileReference; lastKnownFileType = text.plist.xml; path = Info.plist; sourceTree = "<group>"; };
		F8D319151FC9BA3800D36144 /* ARGalaxyViewController.swift */ = {isa = PBXFileReference; lastKnownFileType = sourcecode.swift; path = ARGalaxyViewController.swift; sourceTree = "<group>"; };
		F8D319171FC9BA6900D36144 /* art.scnassets */ = {isa = PBXFileReference; lastKnownFileType = wrapper.scnassets; path = art.scnassets; sourceTree = "<group>"; };
/* End PBXFileReference section */

/* Begin PBXFrameworksBuildPhase section */
		F8D318E11FC9B6CB00D36144 /* Frameworks */ = {
			isa = PBXFrameworksBuildPhase;
			buildActionMask = 2147483647;
			files = (
			);
			runOnlyForDeploymentPostprocessing = 0;
		};
		F8D318F51FC9B6CB00D36144 /* Frameworks */ = {
			isa = PBXFrameworksBuildPhase;
			buildActionMask = 2147483647;
			files = (
			);
			runOnlyForDeploymentPostprocessing = 0;
		};
		F8D319001FC9B6CB00D36144 /* Frameworks */ = {
			isa = PBXFrameworksBuildPhase;
			buildActionMask = 2147483647;
			files = (
			);
			runOnlyForDeploymentPostprocessing = 0;
		};
/* End PBXFrameworksBuildPhase section */

/* Begin PBXGroup section */
		F8D318DB1FC9B6CB00D36144 = {
			isa = PBXGroup;
			children = (
				F86E53261FCA9AC400C8BDC6 /* Default-568h@2x.png */,
				F8D318E61FC9B6CB00D36144 /* ARGalaxySwift */,
				F8D318FB1FC9B6CB00D36144 /* ARGalaxySwiftTests */,
				F8D319061FC9B6CB00D36144 /* ARGalaxySwiftUITests */,
				F8D318E51FC9B6CB00D36144 /* Products */,
			);
			sourceTree = "<group>";
		};
		F8D318E51FC9B6CB00D36144 /* Products */ = {
			isa = PBXGroup;
			children = (
				F8D318E41FC9B6CB00D36144 /* ARGalaxySwift.app */,
				F8D318F81FC9B6CB00D36144 /* ARGalaxySwiftTests.xctest */,
				F8D319031FC9B6CB00D36144 /* ARGalaxySwiftUITests.xctest */,
			);
			name = Products;
			sourceTree = "<group>";
		};
		F8D318E61FC9B6CB00D36144 /* ARGalaxySwift */ = {
			isa = PBXGroup;
			children = (
				F8D318E71FC9B6CB00D36144 /* AppDelegate.swift */,
				F8D318E91FC9B6CB00D36144 /* ViewController.swift */,
				F8D319151FC9BA3800D36144 /* ARGalaxyViewController.swift */,
				F8D318EB1FC9B6CB00D36144 /* Main.storyboard */,
				F8D318F01FC9B6CB00D36144 /* LaunchScreen.storyboard */,
				F8D318F31FC9B6CB00D36144 /* Info.plist */,
				F8D319191FC9BA7400D36144 /* res */,
			);
			path = ARGalaxySwift;
			sourceTree = "<group>";
		};
		F8D318FB1FC9B6CB00D36144 /* ARGalaxySwiftTests */ = {
			isa = PBXGroup;
			children = (
				F8D318FC1FC9B6CB00D36144 /* ARSolarSwiftTests.swift */,
				F8D318FE1FC9B6CB00D36144 /* Info.plist */,
			);
			path = ARGalaxySwiftTests;
			sourceTree = "<group>";
		};
		F8D319061FC9B6CB00D36144 /* ARGalaxySwiftUITests */ = {
			isa = PBXGroup;
			children = (
				F8D319071FC9B6CB00D36144 /* ARSolarSwiftUITests.swift */,
				F8D319091FC9B6CB00D36144 /* Info.plist */,
			);
			path = ARGalaxySwiftUITests;
			sourceTree = "<group>";
		};
		F8D319191FC9BA7400D36144 /* res */ = {
			isa = PBXGroup;
			children = (
				F8D318EE1FC9B6CB00D36144 /* Assets.xcassets */,
				F8D319171FC9BA6900D36144 /* art.scnassets */,
			);
			path = res;
			sourceTree = "<group>";
		};
/* End PBXGroup section */

/* Begin PBXNativeTarget section */
		F8D318E31FC9B6CB00D36144 /* ARGalaxySwift */ = {
			isa = PBXNativeTarget;
			buildConfigurationList = F8D3190C1FC9B6CB00D36144 /* Build configuration list for PBXNativeTarget "ARGalaxySwift" */;
			buildPhases = (
				F8D318E01FC9B6CB00D36144 /* Sources */,
				F8D318E11FC9B6CB00D36144 /* Frameworks */,
				F8D318E21FC9B6CB00D36144 /* Resources */,
			);
			buildRules = (
			);
			dependencies = (
			);
			name = ARGalaxySwift;
			productName = ARSolarSwift;
			productReference = F8D318E41FC9B6CB00D36144 /* ARGalaxySwift.app */;
			productType = "com.apple.product-type.application";
		};
		F8D318F71FC9B6CB00D36144 /* ARGalaxySwiftTests */ = {
			isa = PBXNativeTarget;
			buildConfigurationList = F8D3190F1FC9B6CB00D36144 /* Build configuration list for PBXNativeTarget "ARGalaxySwiftTests" */;
			buildPhases = (
				F8D318F41FC9B6CB00D36144 /* Sources */,
				F8D318F51FC9B6CB00D36144 /* Frameworks */,
				F8D318F61FC9B6CB00D36144 /* Resources */,
			);
			buildRules = (
			);
			dependencies = (
				F8D318FA1FC9B6CB00D36144 /* PBXTargetDependency */,
			);
			name = ARGalaxySwiftTests;
			productName = ARSolarSwiftTests;
			productReference = F8D318F81FC9B6CB00D36144 /* ARGalaxySwiftTests.xctest */;
			productType = "com.apple.product-type.bundle.unit-test";
		};
		F8D319021FC9B6CB00D36144 /* ARGalaxySwiftUITests */ = {
			isa = PBXNativeTarget;
			buildConfigurationList = F8D319121FC9B6CB00D36144 /* Build configuration list for PBXNativeTarget "ARGalaxySwiftUITests" */;
			buildPhases = (
				F8D318FF1FC9B6CB00D36144 /* Sources */,
				F8D319001FC9B6CB00D36144 /* Frameworks */,
				F8D319011FC9B6CB00D36144 /* Resources */,
			);
			buildRules = (
			);
			dependencies = (
				F8D319051FC9B6CB00D36144 /* PBXTargetDependency */,
			);
			name = ARGalaxySwiftUITests;
			productName = ARSolarSwiftUITests;
			productReference = F8D319031FC9B6CB00D36144 /* ARGalaxySwiftUITests.xctest */;
			productType = "com.apple.product-type.bundle.ui-testing";
		};
/* End PBXNativeTarget section */

/* Begin PBXProject section */
		F8D318DC1FC9B6CB00D36144 /* Project object */ = {
			isa = PBXProject;
			attributes = {
				LastSwiftUpdateCheck = 0910;
				LastUpgradeCheck = 0910;
				ORGANIZATIONNAME = "刘智民";
				TargetAttributes = {
					F8D318E31FC9B6CB00D36144 = {
						CreatedOnToolsVersion = 9.1;
						ProvisioningStyle = Automatic;
					};
					F8D318F71FC9B6CB00D36144 = {
						CreatedOnToolsVersion = 9.1;
						ProvisioningStyle = Automatic;
						TestTargetID = F8D318E31FC9B6CB00D36144;
					};
					F8D319021FC9B6CB00D36144 = {
						CreatedOnToolsVersion = 9.1;
						ProvisioningStyle = Automatic;
						TestTargetID = F8D318E31FC9B6CB00D36144;
					};
				};
			};
			buildConfigurationList = F8D318DF1FC9B6CB00D36144 /* Build configuration list for PBXProject "ARGalaxySwift" */;
			compatibilityVersion = "Xcode 8.0";
			developmentRegion = en;
			hasScannedForEncodings = 0;
			knownRegions = (
				en,
				Base,
			);
			mainGroup = F8D318DB1FC9B6CB00D36144;
			productRefGroup = F8D318E51FC9B6CB00D36144 /* Products */;
			projectDirPath = "";
			projectRoot = "";
			targets = (
				F8D318E31FC9B6CB00D36144 /* ARGalaxySwift */,
				F8D318F71FC9B6CB00D36144 /* ARGalaxySwiftTests */,
				F8D319021FC9B6CB00D36144 /* ARGalaxySwiftUITests */,
			);
		};
/* End PBXProject section */

/* Begin PBXResourcesBuildPhase section */
		F8D318E21FC9B6CB00D36144 /* Resources */ = {
			isa = PBXResourcesBuildPhase;
			buildActionMask = 2147483647;
			files = (
				F8D318F21FC9B6CB00D36144 /* LaunchScreen.storyboard in Resources */,
				F8D319181FC9BA6900D36144 /* art.scnassets in Resources */,
				F8D318EF1FC9B6CB00D36144 /* Assets.xcassets in Resources */,
				F86E53271FCA9AC400C8BDC6 /* Default-568h@2x.png in Resources */,
				F8D318ED1FC9B6CB00D36144 /* Main.storyboard in Resources */,
			);
			runOnlyForDeploymentPostprocessing = 0;
		};
		F8D318F61FC9B6CB00D36144 /* Resources */ = {
			isa = PBXResourcesBuildPhase;
			buildActionMask = 2147483647;
			files = (
			);
			runOnlyForDeploymentPostprocessing = 0;
		};
		F8D319011FC9B6CB00D36144 /* Resources */ = {
			isa = PBXResourcesBuildPhase;
			buildActionMask = 2147483647;
			files = (
			);
			runOnlyForDeploymentPostprocessing = 0;
		};
/* End PBXResourcesBuildPhase section */

/* Begin PBXSourcesBuildPhase section */
		F8D318E01FC9B6CB00D36144 /* Sources */ = {
			isa = PBXSourcesBuildPhase;
			buildActionMask = 2147483647;
			files = (
				F8D319161FC9BA3800D36144 /* ARGalaxyViewController.swift in Sources */,
				F8D318EA1FC9B6CB00D36144 /* ViewController.swift in Sources */,
				F8D318E81FC9B6CB00D36144 /* AppDelegate.swift in Sources */,
			);
			runOnlyForDeploymentPostprocessing = 0;
		};
		F8D318F41FC9B6CB00D36144 /* Sources */ = {
			isa = PBXSourcesBuildPhase;
			buildActionMask = 2147483647;
			files = (
				F8D318FD1FC9B6CB00D36144 /* ARSolarSwiftTests.swift in Sources */,
			);
			runOnlyForDeploymentPostprocessing = 0;
		};
		F8D318FF1FC9B6CB00D36144 /* Sources */ = {
			isa = PBXSourcesBuildPhase;
			buildActionMask = 2147483647;
			files = (
				F8D319081FC9B6CB00D36144 /* ARSolarSwiftUITests.swift in Sources */,
			);
			runOnlyForDeploymentPostprocessing = 0;
		};
/* End PBXSourcesBuildPhase section */

/* Begin PBXTargetDependency section */
		F8D318FA1FC9B6CB00D36144 /* PBXTargetDependency */ = {
			isa = PBXTargetDependency;
			target = F8D318E31FC9B6CB00D36144 /* ARGalaxySwift */;
			targetProxy = F8D318F91FC9B6CB00D36144 /* PBXContainerItemProxy */;
		};
		F8D319051FC9B6CB00D36144 /* PBXTargetDependency */ = {
			isa = PBXTargetDependency;
			target = F8D318E31FC9B6CB00D36144 /* ARGalaxySwift */;
			targetProxy = F8D319041FC9B6CB00D36144 /* PBXContainerItemProxy */;
		};
/* End PBXTargetDependency section */

/* Begin PBXVariantGroup section */
		F8D318EB1FC9B6CB00D36144 /* Main.storyboard */ = {
			isa = PBXVariantGroup;
			children = (
				F8D318EC1FC9B6CB00D36144 /* Base */,
			);
			name = Main.storyboard;
			sourceTree = "<group>";
		};
		F8D318F01FC9B6CB00D36144 /* LaunchScreen.storyboard */ = {
			isa = PBXVariantGroup;
			children = (
				F8D318F11FC9B6CB00D36144 /* Base */,
			);
			name = LaunchScreen.storyboard;
			sourceTree = "<group>";
		};
/* End PBXVariantGroup section */

/* Begin XCBuildConfiguration section */
		F8D3190A1FC9B6CB00D36144 /* Debug */ = {
			isa = XCBuildConfiguration;
			buildSettings = {
				ALWAYS_SEARCH_USER_PATHS = NO;
				CLANG_ANALYZER_NONNULL = YES;
				CLANG_ANALYZER_NUMBER_OBJECT_CONVERSION = YES_AGGRESSIVE;
				CLANG_CXX_LANGUAGE_STANDARD = "gnu++14";
				CLANG_CXX_LIBRARY = "libc++";
				CLANG_ENABLE_MODULES = YES;
				CLANG_ENABLE_OBJC_ARC = YES;
				CLANG_WARN_BLOCK_CAPTURE_AUTORELEASING = YES;
				CLANG_WARN_BOOL_CONVERSION = YES;
				CLANG_WARN_COMMA = YES;
				CLANG_WARN_CONSTANT_CONVERSION = YES;
				CLANG_WARN_DIRECT_OBJC_ISA_USAGE = YES_ERROR;
				CLANG_WARN_DOCUMENTATION_COMMENTS = YES;
				CLANG_WARN_EMPTY_BODY = YES;
				CLANG_WARN_ENUM_CONVERSION = YES;
				CLANG_WARN_INFINITE_RECURSION = YES;
				CLANG_WARN_INT_CONVERSION = YES;
				CLANG_WARN_NON_LITERAL_NULL_CONVERSION = YES;
				CLANG_WARN_OBJC_LITERAL_CONVERSION = YES;
				CLANG_WARN_OBJC_ROOT_CLASS = YES_ERROR;
				CLANG_WARN_RANGE_LOOP_ANALYSIS = YES;
				CLANG_WARN_STRICT_PROTOTYPES = YES;
				CLANG_WARN_SUSPICIOUS_MOVE = YES;
				CLANG_WARN_UNGUARDED_AVAILABILITY = YES_AGGRESSIVE;
				CLANG_WARN_UNREACHABLE_CODE = YES;
				CLANG_WARN__DUPLICATE_METHOD_MATCH = YES;
				CODE_SIGN_IDENTITY = "iPhone Developer";
				COPY_PHASE_STRIP = NO;
				DEBUG_INFORMATION_FORMAT = dwarf;
				ENABLE_STRICT_OBJC_MSGSEND = YES;
				ENABLE_TESTABILITY = YES;
				GCC_C_LANGUAGE_STANDARD = gnu11;
				GCC_DYNAMIC_NO_PIC = NO;
				GCC_NO_COMMON_BLOCKS = YES;
				GCC_OPTIMIZATION_LEVEL = 0;
				GCC_PREPROCESSOR_DEFINITIONS = (
					"DEBUG=1",
					"$(inherited)",
				);
				GCC_WARN_64_TO_32_BIT_CONVERSION = YES;
				GCC_WARN_ABOUT_RETURN_TYPE = YES_ERROR;
				GCC_WARN_UNDECLARED_SELECTOR = YES;
				GCC_WARN_UNINITIALIZED_AUTOS = YES_AGGRESSIVE;
				GCC_WARN_UNUSED_FUNCTION = YES;
				GCC_WARN_UNUSED_VARIABLE = YES;
				IPHONEOS_DEPLOYMENT_TARGET = 11.1;
				MTL_ENABLE_DEBUG_INFO = YES;
				ONLY_ACTIVE_ARCH = YES;
				SDKROOT = iphoneos;
				SWIFT_ACTIVE_COMPILATION_CONDITIONS = DEBUG;
				SWIFT_OPTIMIZATION_LEVEL = "-Onone";
			};
			name = Debug;
		};
		F8D3190B1FC9B6CB00D36144 /* Release */ = {
			isa = XCBuildConfiguration;
			buildSettings = {
				ALWAYS_SEARCH_USER_PATHS = NO;
				CLANG_ANALYZER_NONNULL = YES;
				CLANG_ANALYZER_NUMBER_OBJECT_CONVERSION = YES_AGGRESSIVE;
				CLANG_CXX_LANGUAGE_STANDARD = "gnu++14";
				CLANG_CXX_LIBRARY = "libc++";
				CLANG_ENABLE_MODULES = YES;
				CLANG_ENABLE_OBJC_ARC = YES;
				CLANG_WARN_BLOCK_CAPTURE_AUTORELEASING = YES;
				CLANG_WARN_BOOL_CONVERSION = YES;
				CLANG_WARN_COMMA = YES;
				CLANG_WARN_CONSTANT_CONVERSION = YES;
				CLANG_WARN_DIRECT_OBJC_ISA_USAGE = YES_ERROR;
				CLANG_WARN_DOCUMENTATION_COMMENTS = YES;
				CLANG_WARN_EMPTY_BODY = YES;
				CLANG_WARN_ENUM_CONVERSION = YES;
				CLANG_WARN_INFINITE_RECURSION = YES;
				CLANG_WARN_INT_CONVERSION = YES;
				CLANG_WARN_NON_LITERAL_NULL_CONVERSION = YES;
				CLANG_WARN_OBJC_LITERAL_CONVERSION = YES;
				CLANG_WARN_OBJC_ROOT_CLASS = YES_ERROR;
				CLANG_WARN_RANGE_LOOP_ANALYSIS = YES;
				CLANG_WARN_STRICT_PROTOTYPES = YES;
				CLANG_WARN_SUSPICIOUS_MOVE = YES;
				CLANG_WARN_UNGUARDED_AVAILABILITY = YES_AGGRESSIVE;
				CLANG_WARN_UNREACHABLE_CODE = YES;
				CLANG_WARN__DUPLICATE_METHOD_MATCH = YES;
				CODE_SIGN_IDENTITY = "iPhone Developer";
				COPY_PHASE_STRIP = NO;
				DEBUG_INFORMATION_FORMAT = "dwarf-with-dsym";
				ENABLE_NS_ASSERTIONS = NO;
				ENABLE_STRICT_OBJC_MSGSEND = YES;
				GCC_C_LANGUAGE_STANDARD = gnu11;
				GCC_NO_COMMON_BLOCKS = YES;
				GCC_WARN_64_TO_32_BIT_CONVERSION = YES;
				GCC_WARN_ABOUT_RETURN_TYPE = YES_ERROR;
				GCC_WARN_UNDECLARED_SELECTOR = YES;
				GCC_WARN_UNINITIALIZED_AUTOS = YES_AGGRESSIVE;
				GCC_WARN_UNUSED_FUNCTION = YES;
				GCC_WARN_UNUSED_VARIABLE = YES;
				IPHONEOS_DEPLOYMENT_TARGET = 11.1;
				MTL_ENABLE_DEBUG_INFO = NO;
				SDKROOT = iphoneos;
				SWIFT_OPTIMIZATION_LEVEL = "-Owholemodule";
				VALIDATE_PRODUCT = YES;
			};
			name = Release;
		};
		F8D3190D1FC9B6CB00D36144 /* Debug */ = {
			isa = XCBuildConfiguration;
			buildSettings = {
				ASSETCATALOG_COMPILER_APPICON_NAME = AppIcon;
				CODE_SIGN_STYLE = Automatic;
				DEVELOPMENT_TEAM = SZ27WN4V96;
				INFOPLIST_FILE = "$(SRCROOT)/ARGalaxySwift/Info.plist";
				LD_RUNPATH_SEARCH_PATHS = "$(inherited) @executable_path/Frameworks";
				PRODUCT_BUNDLE_IDENTIFIER = com.xcoderliu.ARSolarSwift;
				PRODUCT_NAME = "$(TARGET_NAME)";
				SWIFT_VERSION = 4.0;
				TARGETED_DEVICE_FAMILY = "1,2";
			};
			name = Debug;
		};
		F8D3190E1FC9B6CB00D36144 /* Release */ = {
			isa = XCBuildConfiguration;
			buildSettings = {
				ASSETCATALOG_COMPILER_APPICON_NAME = AppIcon;
				CODE_SIGN_STYLE = Automatic;
				DEVELOPMENT_TEAM = SZ27WN4V96;
				INFOPLIST_FILE = "$(SRCROOT)/ARGalaxySwift/Info.plist";
				LD_RUNPATH_SEARCH_PATHS = "$(inherited) @executable_path/Frameworks";
				PRODUCT_BUNDLE_IDENTIFIER = com.xcoderliu.ARSolarSwift;
				PRODUCT_NAME = "$(TARGET_NAME)";
				SWIFT_VERSION = 4.0;
				TARGETED_DEVICE_FAMILY = "1,2";
			};
			name = Release;
		};
		F8D319101FC9B6CB00D36144 /* Debug */ = {
			isa = XCBuildConfiguration;
			buildSettings = {
				ALWAYS_EMBED_SWIFT_STANDARD_LIBRARIES = YES;
				BUNDLE_LOADER = "$(TEST_HOST)";
				CODE_SIGN_STYLE = Automatic;
				INFOPLIST_FILE = ARSolarSwiftTests/Info.plist;
				LD_RUNPATH_SEARCH_PATHS = "$(inherited) @executable_path/Frameworks @loader_path/Frameworks";
				PRODUCT_BUNDLE_IDENTIFIER = com.xcoderliu.ARSolarSwiftTests;
				PRODUCT_NAME = "$(TARGET_NAME)";
				SWIFT_VERSION = 4.0;
				TARGETED_DEVICE_FAMILY = "1,2";
				TEST_HOST = "$(BUILT_PRODUCTS_DIR)/ARGalaxySwift.app/ARGalaxySwift";
			};
			name = Debug;
		};
		F8D319111FC9B6CB00D36144 /* Release */ = {
			isa = XCBuildConfiguration;
			buildSettings = {
				ALWAYS_EMBED_SWIFT_STANDARD_LIBRARIES = YES;
				BUNDLE_LOADER = "$(TEST_HOST)";
				CODE_SIGN_STYLE = Automatic;
				INFOPLIST_FILE = ARSolarSwiftTests/Info.plist;
				LD_RUNPATH_SEARCH_PATHS = "$(inherited) @executable_path/Frameworks @loader_path/Frameworks";
				PRODUCT_BUNDLE_IDENTIFIER = com.xcoderliu.ARSolarSwiftTests;
				PRODUCT_NAME = "$(TARGET_NAME)";
				SWIFT_VERSION = 4.0;
				TARGETED_DEVICE_FAMILY = "1,2";
				TEST_HOST = "$(BUILT_PRODUCTS_DIR)/ARGalaxySwift.app/ARGalaxySwift";
			};
			name = Release;
		};
		F8D319131FC9B6CB00D36144 /* Debug */ = {
			isa = XCBuildConfiguration;
			buildSettings = {
				ALWAYS_EMBED_SWIFT_STANDARD_LIBRARIES = YES;
				CODE_SIGN_STYLE = Automatic;
				INFOPLIST_FILE = ARSolarSwiftUITests/Info.plist;
				LD_RUNPATH_SEARCH_PATHS = "$(inherited) @executable_path/Frameworks @loader_path/Frameworks";
				PRODUCT_BUNDLE_IDENTIFIER = com.xcoderliu.ARSolarSwiftUITests;
				PRODUCT_NAME = "$(TARGET_NAME)";
				SWIFT_VERSION = 4.0;
				TARGETED_DEVICE_FAMILY = "1,2";
				TEST_TARGET_NAME = ARSolarSwift;
			};
			name = Debug;
		};
		F8D319141FC9B6CB00D36144 /* Release */ = {
			isa = XCBuildConfiguration;
			buildSettings = {
				ALWAYS_EMBED_SWIFT_STANDARD_LIBRARIES = YES;
				CODE_SIGN_STYLE = Automatic;
				INFOPLIST_FILE = ARSolarSwiftUITests/Info.plist;
				LD_RUNPATH_SEARCH_PATHS = "$(inherited) @executable_path/Frameworks @loader_path/Frameworks";
				PRODUCT_BUNDLE_IDENTIFIER = com.xcoderliu.ARSolarSwiftUITests;
				PRODUCT_NAME = "$(TARGET_NAME)";
				SWIFT_VERSION = 4.0;
				TARGETED_DEVICE_FAMILY = "1,2";
				TEST_TARGET_NAME = ARSolarSwift;
			};
			name = Release;
		};
/* End XCBuildConfiguration section */

/* Begin XCConfigurationList section */
		F8D318DF1FC9B6CB00D36144 /* Build configuration list for PBXProject "ARGalaxySwift" */ = {
			isa = XCConfigurationList;
			buildConfigurations = (
				F8D3190A1FC9B6CB00D36144 /* Debug */,
				F8D3190B1FC9B6CB00D36144 /* Release */,
			);
			defaultConfigurationIsVisible = 0;
			defaultConfigurationName = Release;
		};
		F8D3190C1FC9B6CB00D36144 /* Build configuration list for PBXNativeTarget "ARGalaxySwift" */ = {
			isa = XCConfigurationList;
			buildConfigurations = (
				F8D3190D1FC9B6CB00D36144 /* Debug */,
				F8D3190E1FC9B6CB00D36144 /* Release */,
			);
			defaultConfigurationIsVisible = 0;
			defaultConfigurationName = Release;
		};
		F8D3190F1FC9B6CB00D36144 /* Build configuration list for PBXNativeTarget "ARGalaxySwiftTests" */ = {
			isa = XCConfigurationList;
			buildConfigurations = (
				F8D319101FC9B6CB00D36144 /* Debug */,
				F8D319111FC9B6CB00D36144 /* Release */,
			);
			defaultConfigurationIsVisible = 0;
			defaultConfigurationName = Release;
		};
		F8D319121FC9B6CB00D36144 /* Build configuration list for PBXNativeTarget "ARGalaxySwiftUITests" */ = {
			isa = XCConfigurationList;
			buildConfigurations = (
				F8D319131FC9B6CB00D36144 /* Debug */,
				F8D319141FC9B6CB00D36144 /* Release */,
			);
			defaultConfigurationIsVisible = 0;
			defaultConfigurationName = Release;
		};
/* End XCConfigurationList section */
	};
	rootObject = F8D318DC1FC9B6CB00D36144 /* Project object */;
}
